
Microsoft Visual Studio Solution File, Format Version 12.00
# Visual Studio Version 16
VisualStudioVersion = 16.0.30413.136
MinimumVisualStudioVersion = 10.0.40219.1
Project("{FAE04EC0-301F-11D3-BF4B-00C04F79EFBC}") = "WebApplication_Books", "WebApplication_Books.csproj", "{A443C2EF-012B-47BB-8582-21D3A9F3560D}"
EndProject
Global
	GlobalSection(SolutionConfigurationPlatforms) = preSolution
		Debug|Any CPU = Debug|Any CPU
		Release|Any CPU = Release|Any CPU
	EndGlobalSection
	GlobalSection(ProjectConfigurationPlatforms) = postSolution
		{A443C2EF-012B-47BB-8582-21D3A9F3560D}.Debug|Any CPU.ActiveCfg = Debug|Any CPU
		{A443C2EF-012B-47BB-8582-21D3A9F3560D}.Debug|Any CPU.Build.0 = Debug|Any CPU
		{A443C2EF-012B-47BB-8582-21D3A9F3560D}.Release|Any CPU.ActiveCfg = Release|Any CPU
		{A443C2EF-012B-47BB-8582-21D3A9F3560D}.Release|Any CPU.Build.0 = Release|Any CPU
	EndGlobalSection
	GlobalSection(SolutionProperties) = preSolution
		HideSolutionNode = FALSE
	EndGlobalSection
	GlobalSection(ExtensibilityGlobals) = postSolution
		SolutionGuid = {114652E5-FF29-487E-A92F-C78F88F08AE7}
	EndGlobalSection
EndGlobal
